
Microsoft Visual Studio Solution File, Format Version 12.00
# Visual Studio Version 17
VisualStudioVersion = 17.10.35013.160
MinimumVisualStudioVersion = 10.0.40219.1
Project("{9A19103F-16F7-4668-BE54-9A1E7A4F7556}") = "Foody.EntityLayer", "Foody.EntityLayer\Foody.EntityLayer.csproj", "{86EB8964-A7CA-447F-BCCA-B93A8B176CD1}"
EndProject
Project("{9A19103F-16F7-4668-BE54-9A1E7A4F7556}") = "Foody.DataAccessLayer", "Foody.DataAccessLayer\Foody.DataAccessLayer.csproj", "{6C642C3D-9EE6-47B4-8B17-66AA57CEEBEB}"
EndProject
Project("{9A19103F-16F7-4668-BE54-9A1E7A4F7556}") = "Food.BusinessLayer", "Food.BusinessLayer\Food.BusinessLayer.csproj", "{33E71D64-DA12-4FC2-B7F2-45945DC4A241}"
EndProject
Project("{9A19103F-16F7-4668-BE54-9A1E7A4F7556}") = "Foody.PresentationLayer", "Foody.PresentationLayer\Foody.PresentationLayer.csproj", "{E86DE635-48AA-405E-BA15-4C604AAC3BA1}"
EndProject
Project("{FAE04EC0-301F-11D3-BF4B-00C04F79EFBC}") = "Foody.DTOLayer", "Foody.DTOLayer\Foody.DTOLayer.csproj", "{39A1E2CA-4DB3-4574-9809-0FB5007E2365}"
EndProject
Global
	GlobalSection(SolutionConfigurationPlatforms) = preSolution
		Debug|Any CPU = Debug|Any CPU
		Release|Any CPU = Release|Any CPU
	EndGlobalSection
	GlobalSection(ProjectConfigurationPlatforms) = postSolution
		{86EB8964-A7CA-447F-BCCA-B93A8B176CD1}.Debug|Any CPU.ActiveCfg = Debug|Any CPU
		{86EB8964-A7CA-447F-BCCA-B93A8B176CD1}.Debug|Any CPU.Build.0 = Debug|Any CPU
		{86EB8964-A7CA-447F-BCCA-B93A8B176CD1}.Release|Any CPU.ActiveCfg = Release|Any CPU
		{86EB8964-A7CA-447F-BCCA-B93A8B176CD1}.Release|Any CPU.Build.0 = Release|Any CPU
		{6C642C3D-9EE6-47B4-8B17-66AA57CEEBEB}.Debug|Any CPU.ActiveCfg = Debug|Any CPU
		{6C642C3D-9EE6-47B4-8B17-66AA57CEEBEB}.Debug|Any CPU.Build.0 = Debug|Any CPU
		{6C642C3D-9EE6-47B4-8B17-66AA57CEEBEB}.Release|Any CPU.ActiveCfg = Release|Any CPU
		{6C642C3D-9EE6-47B4-8B17-66AA57CEEBEB}.Release|Any CPU.Build.0 = Release|Any CPU
		{33E71D64-DA12-4FC2-B7F2-45945DC4A241}.Debug|Any CPU.ActiveCfg = Debug|Any CPU
		{33E71D64-DA12-4FC2-B7F2-45945DC4A241}.Debug|Any CPU.Build.0 = Debug|Any CPU
		{33E71D64-DA12-4FC2-B7F2-45945DC4A241}.Release|Any CPU.ActiveCfg = Release|Any CPU
		{33E71D64-DA12-4FC2-B7F2-45945DC4A241}.Release|Any CPU.Build.0 = Release|Any CPU
		{E86DE635-48AA-405E-BA15-4C604AAC3BA1}.Debug|Any CPU.ActiveCfg = Debug|Any CPU
		{E86DE635-48AA-405E-BA15-4C604AAC3BA1}.Debug|Any CPU.Build.0 = Debug|Any CPU
		{E86DE635-48AA-405E-BA15-4C604AAC3BA1}.Release|Any CPU.ActiveCfg = Release|Any CPU
		{E86DE635-48AA-405E-BA15-4C604AAC3BA1}.Release|Any CPU.Build.0 = Release|Any CPU
		{39A1E2CA-4DB3-4574-9809-0FB5007E2365}.Debug|Any CPU.ActiveCfg = Debug|Any CPU
		{39A1E2CA-4DB3-4574-9809-0FB5007E2365}.Debug|Any CPU.Build.0 = Debug|Any CPU
		{39A1E2CA-4DB3-4574-9809-0FB5007E2365}.Release|Any CPU.ActiveCfg = Release|Any CPU
		{39A1E2CA-4DB3-4574-9809-0FB5007E2365}.Release|Any CPU.Build.0 = Release|Any CPU
	EndGlobalSection
	GlobalSection(SolutionProperties) = preSolution
		HideSolutionNode = FALSE
	EndGlobalSection
	GlobalSection(ExtensibilityGlobals) = postSolution
		SolutionGuid = {F72F27CD-31BF-4384-AF8E-5505A3AB67B8}
	EndGlobalSection
EndGlobal
